
Microsoft Visual Studio Solution File, Format Version 12.00
# Visual Studio Version 17
VisualStudioVersion = 17.13.35825.156 d17.13
MinimumVisualStudioVersion = 10.0.40219.1
Project("{FAE04EC0-301F-11D3-BF4B-00C04F79EFBC}") = "NoteApp10", "NoteApp10\NoteApp10.csproj", "{38B231FE-920D-4FB5-BD2F-F1A2635D0BB3}"
EndProject
Global
	GlobalSection(SolutionConfigurationPlatforms) = preSolution
		Debug|Any CPU = Debug|Any CPU
		Release|Any CPU = Release|Any CPU
	EndGlobalSection
	GlobalSection(ProjectConfigurationPlatforms) = postSolution
		{38B231FE-920D-4FB5-BD2F-F1A2635D0BB3}.Debug|Any CPU.ActiveCfg = Debug|Any CPU
		{38B231FE-920D-4FB5-BD2F-F1A2635D0BB3}.Debug|Any CPU.Build.0 = Debug|Any CPU
		{38B231FE-920D-4FB5-BD2F-F1A2635D0BB3}.Release|Any CPU.ActiveCfg = Release|Any CPU
		{38B231FE-920D-4FB5-BD2F-F1A2635D0BB3}.Release|Any CPU.Build.0 = Release|Any CPU
	EndGlobalSection
	GlobalSection(SolutionProperties) = preSolution
		HideSolutionNode = FALSE
	EndGlobalSection
	GlobalSection(ExtensibilityGlobals) = postSolution
		SolutionGuid = {6549A3E2-3B58-4916-8A2C-74A10DF2EB30}
	EndGlobalSection
EndGlobal
