
Microsoft Visual Studio Solution File, Format Version 12.00
# Visual Studio Version 17
VisualStudioVersion = 17.10.34707.107
MinimumVisualStudioVersion = 10.0.40219.1
Project("{FAE04EC0-301F-11D3-BF4B-00C04F79EFBC}") = "ornek3", "ornek3\ornek3.csproj", "{DA2E07BA-6C60-47D5-A532-EA0B5A08959D}"
EndProject
Global
	GlobalSection(SolutionConfigurationPlatforms) = preSolution
		Debug|Any CPU = Debug|Any CPU
		Release|Any CPU = Release|Any CPU
	EndGlobalSection
	GlobalSection(ProjectConfigurationPlatforms) = postSolution
		{DA2E07BA-6C60-47D5-A532-EA0B5A08959D}.Debug|Any CPU.ActiveCfg = Debug|Any CPU
		{DA2E07BA-6C60-47D5-A532-EA0B5A08959D}.Debug|Any CPU.Build.0 = Debug|Any CPU
		{DA2E07BA-6C60-47D5-A532-EA0B5A08959D}.Release|Any CPU.ActiveCfg = Release|Any CPU
		{DA2E07BA-6C60-47D5-A532-EA0B5A08959D}.Release|Any CPU.Build.0 = Release|Any CPU
	EndGlobalSection
	GlobalSection(SolutionProperties) = preSolution
		HideSolutionNode = FALSE
	EndGlobalSection
	GlobalSection(ExtensibilityGlobals) = postSolution
		SolutionGuid = {8C08AFEA-AAE3-4DB8-BC73-AFB6D74A1F56}
	EndGlobalSection
EndGlobal
