
Microsoft Visual Studio Solution File, Format Version 12.00
# Visual Studio Version 17
VisualStudioVersion = 17.10.34902.84
MinimumVisualStudioVersion = 10.0.40219.1
Project("{FAE04EC0-301F-11D3-BF4B-00C04F79EFBC}") = "xoxOyunu", "xoxOyunu\xoxOyunu.csproj", "{9019DB11-23EB-4FE7-AF67-476C5BBD1800}"
EndProject
Global
	GlobalSection(SolutionConfigurationPlatforms) = preSolution
		Debug|Any CPU = Debug|Any CPU
		Release|Any CPU = Release|Any CPU
	EndGlobalSection
	GlobalSection(ProjectConfigurationPlatforms) = postSolution
		{9019DB11-23EB-4FE7-AF67-476C5BBD1800}.Debug|Any CPU.ActiveCfg = Debug|Any CPU
		{9019DB11-23EB-4FE7-AF67-476C5BBD1800}.Debug|Any CPU.Build.0 = Debug|Any CPU
		{9019DB11-23EB-4FE7-AF67-476C5BBD1800}.Release|Any CPU.ActiveCfg = Release|Any CPU
		{9019DB11-23EB-4FE7-AF67-476C5BBD1800}.Release|Any CPU.Build.0 = Release|Any CPU
	EndGlobalSection
	GlobalSection(SolutionProperties) = preSolution
		HideSolutionNode = FALSE
	EndGlobalSection
	GlobalSection(ExtensibilityGlobals) = postSolution
		SolutionGuid = {4AE40DA0-4042-4A3C-8454-9D491A3374AD}
	EndGlobalSection
EndGlobal
