
Microsoft Visual Studio Solution File, Format Version 12.00
# Visual Studio Version 17
VisualStudioVersion = 17.10.34707.107
MinimumVisualStudioVersion = 10.0.40219.1
Project("{FAE04EC0-301F-11D3-BF4B-00C04F79EFBC}") = "ornek2", "ornek2\ornek2.csproj", "{A09FDA14-D961-40A7-81EC-ADC22A19388A}"
EndProject
Global
	GlobalSection(SolutionConfigurationPlatforms) = preSolution
		Debug|Any CPU = Debug|Any CPU
		Release|Any CPU = Release|Any CPU
	EndGlobalSection
	GlobalSection(ProjectConfigurationPlatforms) = postSolution
		{A09FDA14-D961-40A7-81EC-ADC22A19388A}.Debug|Any CPU.ActiveCfg = Debug|Any CPU
		{A09FDA14-D961-40A7-81EC-ADC22A19388A}.Debug|Any CPU.Build.0 = Debug|Any CPU
		{A09FDA14-D961-40A7-81EC-ADC22A19388A}.Release|Any CPU.ActiveCfg = Release|Any CPU
		{A09FDA14-D961-40A7-81EC-ADC22A19388A}.Release|Any CPU.Build.0 = Release|Any CPU
	EndGlobalSection
	GlobalSection(SolutionProperties) = preSolution
		HideSolutionNode = FALSE
	EndGlobalSection
	GlobalSection(ExtensibilityGlobals) = postSolution
		SolutionGuid = {A805EC03-577E-4B8D-9D96-AFDB415C2196}
	EndGlobalSection
EndGlobal
