
Microsoft Visual Studio Solution File, Format Version 12.00
# Visual Studio Version 17
VisualStudioVersion = 17.10.34707.107
MinimumVisualStudioVersion = 10.0.40219.1
Project("{FAE04EC0-301F-11D3-BF4B-00C04F79EFBC}") = "ornek4", "ornek4\ornek4.csproj", "{F26156EA-06F5-49B2-977B-311C2C800FC5}"
EndProject
Global
	GlobalSection(SolutionConfigurationPlatforms) = preSolution
		Debug|Any CPU = Debug|Any CPU
		Release|Any CPU = Release|Any CPU
	EndGlobalSection
	GlobalSection(ProjectConfigurationPlatforms) = postSolution
		{F26156EA-06F5-49B2-977B-311C2C800FC5}.Debug|Any CPU.ActiveCfg = Debug|Any CPU
		{F26156EA-06F5-49B2-977B-311C2C800FC5}.Debug|Any CPU.Build.0 = Debug|Any CPU
		{F26156EA-06F5-49B2-977B-311C2C800FC5}.Release|Any CPU.ActiveCfg = Release|Any CPU
		{F26156EA-06F5-49B2-977B-311C2C800FC5}.Release|Any CPU.Build.0 = Release|Any CPU
	EndGlobalSection
	GlobalSection(SolutionProperties) = preSolution
		HideSolutionNode = FALSE
	EndGlobalSection
	GlobalSection(ExtensibilityGlobals) = postSolution
		SolutionGuid = {651B63F4-6791-40FE-ACB9-93BA2D19E80F}
	EndGlobalSection
EndGlobal
